<Solution>
  <Project Path="Bai1/Bai1.csproj" Id="ff6b354e-b0f1-4aa4-af20-ed835f101a03" />
  <Project Path="Bai2/Bai2.csproj" Id="c6d2782a-2f92-4ac4-98f0-76c7fe3bb236" />
  <Project Path="Bai3/Bai3.csproj" Id="038a5a47-f5d6-4dd8-82e5-eb4a53d94226" />
  <Project Path="Bai4/Bai4.csproj" Id="6eab3528-d261-4894-8087-15bd89b934b7" />
  <Project Path="Bai5/Bai5.csproj" Id="8ccf1716-c4e7-474e-a733-22feda566b2f" />
  <Project Path="Bai6/Bai6.csproj" Id="0a1854de-9db1-4599-8675-3b9b401acfd8" />
</Solution>
